{
  "name": "joker",
  "version": "0.0.4",
  "lockfileVersion": 3,
  "requires": true,
  "packages": {
    "": {
      "name": "joker",
      "version": "0.0.4",
      "license": "GPL-3.0-or-later",
      "dependencies": {
        "one-liner-joke": "^1.2.2"
      },
      "devDependencies": {
        "prettier": "^3.3.3"
      }
    },
    "node_modules/one-liner-joke": {
      "version": "1.2.2",
      "resolved": "https://registry.npmjs.org/one-liner-joke/-/one-liner-joke-1.2.2.tgz",
      "integrity": "sha512-ELNnmMtLPmp3b85J0FGm7i4Q5vfqPNefj6r5oMsk9OgrC3iaccIyn8FInVSsG3nGud4XIDqUKesLcGRCxoU2Zw==",
      "license": "MIT",
      "engines": {
        "node": ">=6.0.0"
      }
    },
    "node_modules/prettier": {
      "version": "3.3.3",
      "resolved": "https://registry.npmjs.org/prettier/-/prettier-3.3.3.tgz",
      "integrity": "sha512-i2tDNA0O5IrMO757lfrdQZCc2jPNDVntV0m/+4whiDfWaTKfMNgR7Qz0NAeGz/nRqF4m5/6CLzbP4/liHt12Ew==",
      "dev": true,
      "license": "MIT",
      "bin": {
        "prettier": "bin/prettier.cjs"
      },
      "engines": {
        "node": ">=14"
      },
      "funding": {
        "url": "https://github.com/prettier/prettier?sponsor=1"
      }
    }
  }
}
